// !$*UTF8*$!
{
	archiveVersion = 1;
	classes = {
	};
	objectVersion = 50;
	objects = {

/* Begin PBXBuildFile section */
		CEE3CC92250142B400D51639 /* AppDelegate.swift in Sources */ = {isa = PBXBuildFile; fileRef = CEE3CC91250142B400D51639 /* AppDelegate.swift */; };
		CEE3CC94250142B400D51639 /* SceneDelegate.swift in Sources */ = {isa = PBXBuildFile; fileRef = CEE3CC93250142B400D51639 /* SceneDelegate.swift */; };
		CEE3CC96250142B400D51639 /* ContentView.swift in Sources */ = {isa = PBXBuildFile; fileRef = CEE3CC95250142B400D51639 /* ContentView.swift */; };
		CEE3CC98250142B700D51639 /* Assets.xcassets in Resources */ = {isa = PBXBuildFile; fileRef = CEE3CC97250142B700D51639 /* Assets.xcassets */; };
		CEE3CC9B250142B700D51639 /* Preview Assets.xcassets in Resources */ = {isa = PBXBuildFile; fileRef = CEE3CC9A250142B700D51639 /* Preview Assets.xcassets */; };
		CEE3CC9E250142B700D51639 /* LaunchScreen.storyboard in Resources */ = {isa = PBXBuildFile; fileRef = CEE3CC9C250142B700D51639 /* LaunchScreen.storyboard */; };
/* End PBXBuildFile section */

/* Begin PBXFileReference section */
		CEE3CC8E250142B400D51639 /* 1-WeSplit.app */ = {isa = PBXFileReference; explicitFileType = wrapper.application; includeInIndex = 0; path = "1-WeSplit.app"; sourceTree = BUILT_PRODUCTS_DIR; };
		CEE3CC91250142B400D51639 /* AppDelegate.swift */ = {isa = PBXFileReference; lastKnownFileType = sourcecode.swift; path = AppDelegate.swift; sourceTree = "<group>"; };
		CEE3CC93250142B400D51639 /* SceneDelegate.swift */ = {isa = PBXFileReference; lastKnownFileType = sourcecode.swift; path = SceneDelegate.swift; sourceTree = "<group>"; };
		CEE3CC95250142B400D51639 /* ContentView.swift */ = {isa = PBXFileReference; lastKnownFileType = sourcecode.swift; path = ContentView.swift; sourceTree = "<group>"; };
		CEE3CC97250142B700D51639 /* Assets.xcassets */ = {isa = PBXFileReference; lastKnownFileType = folder.assetcatalog; path = Assets.xcassets; sourceTree = "<group>"; };
		CEE3CC9A250142B700D51639 /* Preview Assets.xcassets */ = {isa = PBXFileReference; lastKnownFileType = folder.assetcatalog; path = "Preview Assets.xcassets"; sourceTree = "<group>"; };
		CEE3CC9D250142B700D51639 /* Base */ = {isa = PBXFileReference; lastKnownFileType = file.storyboard; name = Base; path = Base.lproj/LaunchScreen.storyboard; sourceTree = "<group>"; };
		CEE3CC9F250142B700D51639 /* Info.plist */ = {isa = PBXFileReference; lastKnownFileType = text.plist.xml; path = Info.plist; sourceTree = "<group>"; };
/* End PBXFileReference section */

/* Begin PBXFrameworksBuildPhase section */
		CEE3CC8B250142B400D51639 /* Frameworks */ = {
			isa = PBXFrameworksBuildPhase;
			buildActionMask = 2147483647;
			files = (
			);
			runOnlyForDeploymentPostprocessing = 0;
		};
/* End PBXFrameworksBuildPhase section */

/* Begin PBXGroup section */
		CEE3CC85250142B400D51639 = {
			isa = PBXGroup;
			children = (
				CEE3CC90250142B400D51639 /* 1-WeSplit */,
				CEE3CC8F250142B400D51639 /* Products */,
			);
			sourceTree = "<group>";
		};
		CEE3CC8F250142B400D51639 /* Products */ = {
			isa = PBXGroup;
			children = (
				CEE3CC8E250142B400D51639 /* 1-WeSplit.app */,
			);
			name = Products;
			sourceTree = "<group>";
		};
		CEE3CC90250142B400D51639 /* 1-WeSplit */ = {
			isa = PBXGroup;
			children = (
				CEE3CC91250142B400D51639 /* AppDelegate.swift */,
				CEE3CC93250142B400D51639 /* SceneDelegate.swift */,
				CEE3CC95250142B400D51639 /* ContentView.swift */,
				CEE3CC97250142B700D51639 /* Assets.xcassets */,
				CEE3CC9C250142B700D51639 /* LaunchScreen.storyboard */,
				CEE3CC9F250142B700D51639 /* Info.plist */,
				CEE3CC99250142B700D51639 /* Preview Content */,
			);
			path = "1-WeSplit";
			sourceTree = "<group>";
		};
		CEE3CC99250142B700D51639 /* Preview Content */ = {
			isa = PBXGroup;
			children = (
				CEE3CC9A250142B700D51639 /* Preview Assets.xcassets */,
			);
			path = "Preview Content";
			sourceTree = "<group>";
		};
/* End PBXGroup section */

/* Begin PBXNativeTarget section */
		CEE3CC8D250142B400D51639 /* 1-WeSplit */ = {
			isa = PBXNativeTarget;
			buildConfigurationList = CEE3CCA2250142B700D51639 /* Build configuration list for PBXNativeTarget "1-WeSplit" */;
			buildPhases = (
				CEE3CC8A250142B400D51639 /* Sources */,
				CEE3CC8B250142B400D51639 /* Frameworks */,
				CEE3CC8C250142B400D51639 /* Resources */,
			);
			buildRules = (
			);
			dependencies = (
			);
			name = "1-WeSplit";
			productName = "1-WeSplit";
			productReference = CEE3CC8E250142B400D51639 /* 1-WeSplit.app */;
			productType = "com.apple.product-type.application";
		};
/* End PBXNativeTarget section */

/* Begin PBXProject section */
		CEE3CC86250142B400D51639 /* Project object */ = {
			isa = PBXProject;
			attributes = {
				LastSwiftUpdateCheck = 1160;
				LastUpgradeCheck = 1160;
				ORGANIZATIONNAME = "Sean Williams";
				TargetAttributes = {
					CEE3CC8D250142B400D51639 = {
						CreatedOnToolsVersion = 11.6;
					};
				};
			};
			buildConfigurationList = CEE3CC89250142B400D51639 /* Build configuration list for PBXProject "1-WeSplit" */;
			compatibilityVersion = "Xcode 9.3";
			developmentRegion = en;
			hasScannedForEncodings = 0;
			knownRegions = (
				en,
				Base,
			);
			mainGroup = CEE3CC85250142B400D51639;
			productRefGroup = CEE3CC8F250142B400D51639 /* Products */;
			projectDirPath = "";
			projectRoot = "";
			targets = (
				CEE3CC8D250142B400D51639 /* 1-WeSplit */,
			);
		};
/* End PBXProject section */

/* Begin PBXResourcesBuildPhase section */
		CEE3CC8C250142B400D51639 /* Resources */ = {
			isa = PBXResourcesBuildPhase;
			buildActionMask = 2147483647;
			files = (
				CEE3CC9E250142B700D51639 /* LaunchScreen.storyboard in Resources */,
				CEE3CC9B250142B700D51639 /* Preview Assets.xcassets in Resources */,
				CEE3CC98250142B700D51639 /* Assets.xcassets in Resources */,
			);
			runOnlyForDeploymentPostprocessing = 0;
		};
/* End PBXResourcesBuildPhase section */

/* Begin PBXSourcesBuildPhase section */
		CEE3CC8A250142B400D51639 /* Sources */ = {
			isa = PBXSourcesBuildPhase;
			buildActionMask = 2147483647;
			files = (
				CEE3CC92250142B400D51639 /* AppDelegate.swift in Sources */,
				CEE3CC94250142B400D51639 /* SceneDelegate.swift in Sources */,
				CEE3CC96250142B400D51639 /* ContentView.swift in Sources */,
			);
			runOnlyForDeploymentPostprocessing = 0;
		};
/* End PBXSourcesBuildPhase section */

/* Begin PBXVariantGroup section */
		CEE3CC9C250142B700D51639 /* LaunchScreen.storyboard */ = {
			isa = PBXVariantGroup;
			children = (
				CEE3CC9D250142B700D51639 /* Base */,
			);
			name = LaunchScreen.storyboard;
			sourceTree = "<group>";
		};
/* End PBXVariantGroup section */

/* Begin XCBuildConfiguration section */
		CEE3CCA0250142B700D51639 /* Debug */ = {
			isa = XCBuildConfiguration;
			buildSettings = {
				ALWAYS_SEARCH_USER_PATHS = NO;
				CLANG_ANALYZER_NONNULL = YES;
				CLANG_ANALYZER_NUMBER_OBJECT_CONVERSION = YES_AGGRESSIVE;
				CLANG_CXX_LANGUAGE_STANDARD = "gnu++14";
				CLANG_CXX_LIBRARY = "libc++";
				CLANG_ENABLE_MODULES = YES;
				CLANG_ENABLE_OBJC_ARC = YES;
				CLANG_ENABLE_OBJC_WEAK = YES;
				CLANG_WARN_BLOCK_CAPTURE_AUTORELEASING = YES;
				CLANG_WARN_BOOL_CONVERSION = YES;
				CLANG_WARN_COMMA = YES;
				CLANG_WARN_CONSTANT_CONVERSION = YES;
				CLANG_WARN_DEPRECATED_OBJC_IMPLEMENTATIONS = YES;
				CLANG_WARN_DIRECT_OBJC_ISA_USAGE = YES_ERROR;
				CLANG_WARN_DOCUMENTATION_COMMENTS = YES;
				CLANG_WARN_EMPTY_BODY = YES;
				CLANG_WARN_ENUM_CONVERSION = YES;
				CLANG_WARN_INFINITE_RECURSION = YES;
				CLANG_WARN_INT_CONVERSION = YES;
				CLANG_WARN_NON_LITERAL_NULL_CONVERSION = YES;
				CLANG_WARN_OBJC_IMPLICIT_RETAIN_SELF = YES;
				CLANG_WARN_OBJC_LITERAL_CONVERSION = YES;
				CLANG_WARN_OBJC_ROOT_CLASS = YES_ERROR;
				CLANG_WARN_RANGE_LOOP_ANALYSIS = YES;
				CLANG_WARN_STRICT_PROTOTYPES = YES;
				CLANG_WARN_SUSPICIOUS_MOVE = YES;
				CLANG_WARN_UNGUARDED_AVAILABILITY = YES_AGGRESSIVE;
				CLANG_WARN_UNREACHABLE_CODE = YES;
				CLANG_WARN__DUPLICATE_METHOD_MATCH = YES;
				COPY_PHASE_STRIP = NO;
				DEBUG_INFORMATION_FORMAT = dwarf;
				ENABLE_STRICT_OBJC_MSGSEND = YES;
				ENABLE_TESTABILITY = YES;
				GCC_C_LANGUAGE_STANDARD = gnu11;
				GCC_DYNAMIC_NO_PIC = NO;
				GCC_NO_COMMON_BLOCKS = YES;
				GCC_OPTIMIZATION_LEVEL = 0;
				GCC_PREPROCESSOR_DEFINITIONS = (
					"DEBUG=1",
					"$(inherited)",
				);
				GCC_WARN_64_TO_32_BIT_CONVERSION = YES;
				GCC_WARN_ABOUT_RETURN_TYPE = YES_ERROR;
				GCC_WARN_UNDECLARED_SELECTOR = YES;
				GCC_WARN_UNINITIALIZED_AUTOS = YES_AGGRESSIVE;
				GCC_WARN_UNUSED_FUNCTION = YES;
				GCC_WARN_UNUSED_VARIABLE = YES;
				IPHONEOS_DEPLOYMENT_TARGET = 13.6;
				MTL_ENABLE_DEBUG_INFO = INCLUDE_SOURCE;
				MTL_FAST_MATH = YES;
				ONLY_ACTIVE_ARCH = YES;
				SDKROOT = iphoneos;
				SWIFT_ACTIVE_COMPILATION_CONDITIONS = DEBUG;
				SWIFT_OPTIMIZATION_LEVEL = "-Onone";
			};
			name = Debug;
		};
		CEE3CCA1250142B700D51639 /* Release */ = {
			isa = XCBuildConfiguration;
			buildSettings = {
				ALWAYS_SEARCH_USER_PATHS = NO;
				CLANG_ANALYZER_NONNULL = YES;
				CLANG_ANALYZER_NUMBER_OBJECT_CONVERSION = YES_AGGRESSIVE;
				CLANG_CXX_LANGUAGE_STANDARD = "gnu++14";
				CLANG_CXX_LIBRARY = "libc++";
				CLANG_ENABLE_MODULES = YES;
				CLANG_ENABLE_OBJC_ARC = YES;
				CLANG_ENABLE_OBJC_WEAK = YES;
				CLANG_WARN_BLOCK_CAPTURE_AUTORELEASING = YES;
				CLANG_WARN_BOOL_CONVERSION = YES;
				CLANG_WARN_COMMA = YES;
				CLANG_WARN_CONSTANT_CONVERSION = YES;
				CLANG_WARN_DEPRECATED_OBJC_IMPLEMENTATIONS = YES;
				CLANG_WARN_DIRECT_OBJC_ISA_USAGE = YES_ERROR;
				CLANG_WARN_DOCUMENTATION_COMMENTS = YES;
				CLANG_WARN_EMPTY_BODY = YES;
				CLANG_WARN_ENUM_CONVERSION = YES;
				CLANG_WARN_INFINITE_RECURSION = YES;
				CLANG_WARN_INT_CONVERSION = YES;
				CLANG_WARN_NON_LITERAL_NULL_CONVERSION = YES;
				CLANG_WARN_OBJC_IMPLICIT_RETAIN_SELF = YES;
				CLANG_WARN_OBJC_LITERAL_CONVERSION = YES;
				CLANG_WARN_OBJC_ROOT_CLASS = YES_ERROR;
				CLANG_WARN_RANGE_LOOP_ANALYSIS = YES;
				CLANG_WARN_STRICT_PROTOTYPES = YES;
				CLANG_WARN_SUSPICIOUS_MOVE = YES;
				CLANG_WARN_UNGUARDED_AVAILABILITY = YES_AGGRESSIVE;
				CLANG_WARN_UNREACHABLE_CODE = YES;
				CLANG_WARN__DUPLICATE_METHOD_MATCH = YES;
				COPY_PHASE_STRIP = NO;
				DEBUG_INFORMATION_FORMAT = "dwarf-with-dsym";
				ENABLE_NS_ASSERTIONS = NO;
				ENABLE_STRICT_OBJC_MSGSEND = YES;
				GCC_C_LANGUAGE_STANDARD = gnu11;
				GCC_NO_COMMON_BLOCKS = YES;
				GCC_WARN_64_TO_32_BIT_CONVERSION = YES;
				GCC_WARN_ABOUT_RETURN_TYPE = YES_ERROR;
				GCC_WARN_UNDECLARED_SELECTOR = YES;
				GCC_WARN_UNINITIALIZED_AUTOS = YES_AGGRESSIVE;
				GCC_WARN_UNUSED_FUNCTION = YES;
				GCC_WARN_UNUSED_VARIABLE = YES;
				IPHONEOS_DEPLOYMENT_TARGET = 13.6;
				MTL_ENABLE_DEBUG_INFO = NO;
				MTL_FAST_MATH = YES;
				SDKROOT = iphoneos;
				SWIFT_COMPILATION_MODE = wholemodule;
				SWIFT_OPTIMIZATION_LEVEL = "-O";
				VALIDATE_PRODUCT = YES;
			};
			name = Release;
		};
		CEE3CCA3250142B700D51639 /* Debug */ = {
			isa = XCBuildConfiguration;
			buildSettings = {
				ASSETCATALOG_COMPILER_APPICON_NAME = AppIcon;
				CODE_SIGN_STYLE = Automatic;
				DEVELOPMENT_ASSET_PATHS = "\"1-WeSplit/Preview Content\"";
				DEVELOPMENT_TEAM = DN4729AK8V;
				ENABLE_PREVIEWS = YES;
				INFOPLIST_FILE = "1-WeSplit/Info.plist";
				LD_RUNPATH_SEARCH_PATHS = (
					"$(inherited)",
					"@executable_path/Frameworks",
				);
				PRODUCT_BUNDLE_IDENTIFIER = "com.seanwilliams.--WeSplit";
				PRODUCT_NAME = "$(TARGET_NAME)";
				SWIFT_VERSION = 5.0;
				TARGETED_DEVICE_FAMILY = "1,2";
			};
			name = Debug;
		};
		CEE3CCA4250142B700D51639 /* Release */ = {
			isa = XCBuildConfiguration;
			buildSettings = {
				ASSETCATALOG_COMPILER_APPICON_NAME = AppIcon;
				CODE_SIGN_STYLE = Automatic;
				DEVELOPMENT_ASSET_PATHS = "\"1-WeSplit/Preview Content\"";
				DEVELOPMENT_TEAM = DN4729AK8V;
				ENABLE_PREVIEWS = YES;
				INFOPLIST_FILE = "1-WeSplit/Info.plist";
				LD_RUNPATH_SEARCH_PATHS = (
					"$(inherited)",
					"@executable_path/Frameworks",
				);
				PRODUCT_BUNDLE_IDENTIFIER = "com.seanwilliams.--WeSplit";
				PRODUCT_NAME = "$(TARGET_NAME)";
				SWIFT_VERSION = 5.0;
				TARGETED_DEVICE_FAMILY = "1,2";
			};
			name = Release;
		};
/* End XCBuildConfiguration section */

/* Begin XCConfigurationList section */
		CEE3CC89250142B400D51639 /* Build configuration list for PBXProject "1-WeSplit" */ = {
			isa = XCConfigurationList;
			buildConfigurations = (
				CEE3CCA0250142B700D51639 /* Debug */,
				CEE3CCA1250142B700D51639 /* Release */,
			);
			defaultConfigurationIsVisible = 0;
			defaultConfigurationName = Release;
		};
		CEE3CCA2250142B700D51639 /* Build configuration list for PBXNativeTarget "1-WeSplit" */ = {
			isa = XCConfigurationList;
			buildConfigurations = (
				CEE3CCA3250142B700D51639 /* Debug */,
				CEE3CCA4250142B700D51639 /* Release */,
			);
			defaultConfigurationIsVisible = 0;
			defaultConfigurationName = Release;
		};
/* End XCConfigurationList section */
	};
	rootObject = CEE3CC86250142B400D51639 /* Project object */;
}
